
Microsoft Visual Studio Solution File, Format Version 10.00
# Visual Studio 2008
Project("{FAE04EC0-301F-11D3-BF4B-00C04F79EFBC}") = "VIENNAAddIn", "VIENNAAddIn\VIENNAAddIn.csproj", "{5642201A-D4A3-4F3B-9BC5-71C3A0DB7EA3}"
EndProject
Project("{54435603-DBB4-11D2-8724-00A0C9A8B90C}") = "VIENNAAddInInstaller", "VIENNAInstaller\UMM2AddInInstaller.vdproj", "{FD562D52-9DC7-4D71-AE95-0573FC87FDE9}"
	ProjectSection(ProjectDependencies) = postProject
		{5642201A-D4A3-4F3B-9BC5-71C3A0DB7EA3} = {5642201A-D4A3-4F3B-9BC5-71C3A0DB7EA3}
	EndProjectSection
EndProject
Project("{FAE04EC0-301F-11D3-BF4B-00C04F79EFBC}") = "VIENNAAddInUnitTests", "VIENNAAddInUnitTests\VIENNAAddInUnitTests.csproj", "{EC78D79A-6F78-4FA8-88E6-807F57A96AEA}"
EndProject
Project("{FAE04EC0-301F-11D3-BF4B-00C04F79EFBC}") = "CCLImporter", "CCLImporter\CCLImporter.csproj", "{7EFD9B8A-7CD4-48DF-82B6-DA6083079535}"
	ProjectSection(ProjectDependencies) = postProject
		{5642201A-D4A3-4F3B-9BC5-71C3A0DB7EA3} = {5642201A-D4A3-4F3B-9BC5-71C3A0DB7EA3}
	EndProjectSection
EndProject
Global
	GlobalSection(SolutionConfigurationPlatforms) = preSolution
		Debug|Any CPU = Debug|Any CPU
		Release|Any CPU = Release|Any CPU
	EndGlobalSection
	GlobalSection(ProjectConfigurationPlatforms) = postSolution
		{5642201A-D4A3-4F3B-9BC5-71C3A0DB7EA3}.Debug|Any CPU.ActiveCfg = Debug|Any CPU
		{5642201A-D4A3-4F3B-9BC5-71C3A0DB7EA3}.Debug|Any CPU.Build.0 = Debug|Any CPU
		{5642201A-D4A3-4F3B-9BC5-71C3A0DB7EA3}.Release|Any CPU.ActiveCfg = Release|Any CPU
		{5642201A-D4A3-4F3B-9BC5-71C3A0DB7EA3}.Release|Any CPU.Build.0 = Release|Any CPU
		{FD562D52-9DC7-4D71-AE95-0573FC87FDE9}.Debug|Any CPU.ActiveCfg = Debug
		{FD562D52-9DC7-4D71-AE95-0573FC87FDE9}.Release|Any CPU.ActiveCfg = Release
		{FD562D52-9DC7-4D71-AE95-0573FC87FDE9}.Release|Any CPU.Build.0 = Release
		{EC78D79A-6F78-4FA8-88E6-807F57A96AEA}.Debug|Any CPU.ActiveCfg = Debug|Any CPU
		{EC78D79A-6F78-4FA8-88E6-807F57A96AEA}.Debug|Any CPU.Build.0 = Debug|Any CPU
		{EC78D79A-6F78-4FA8-88E6-807F57A96AEA}.Release|Any CPU.ActiveCfg = Release|Any CPU
		{EC78D79A-6F78-4FA8-88E6-807F57A96AEA}.Release|Any CPU.Build.0 = Release|Any CPU
		{7EFD9B8A-7CD4-48DF-82B6-DA6083079535}.Debug|Any CPU.ActiveCfg = Debug|Any CPU
		{7EFD9B8A-7CD4-48DF-82B6-DA6083079535}.Debug|Any CPU.Build.0 = Debug|Any CPU
		{7EFD9B8A-7CD4-48DF-82B6-DA6083079535}.Release|Any CPU.ActiveCfg = Release|Any CPU
		{7EFD9B8A-7CD4-48DF-82B6-DA6083079535}.Release|Any CPU.Build.0 = Release|Any CPU
	EndGlobalSection
	GlobalSection(SolutionProperties) = preSolution
		HideSolutionNode = FALSE
	EndGlobalSection
EndGlobal
